// !$*UTF8*$!
{
	archiveVersion = 1;
	classes = {
	};
	objectVersion = 51;
	objects = {

/* Begin PBXBuildFile section */
		07F7F4339B91DA419CD2F41A /* Pods_HDWalletKit_HDWalletKit_Tests.framework in Frameworks */ = {isa = PBXBuildFile; fileRef = 6F9CF1786FD900D725E89FE5 /* Pods_HDWalletKit_HDWalletKit_Tests.framework */; };
		345639CC226F42A500ED17DA /* CryptoSwift.framework in Frameworks */ = {isa = PBXBuildFile; fileRef = 345639CB226F42A500ED17DA /* CryptoSwift.framework */; };
		3492214C20F64E0300A59A6F /* libHDWalletKit.a in Frameworks */ = {isa = PBXBuildFile; fileRef = 349220E520F64C6600A59A6F /* libHDWalletKit.a */; };
		8602371595DB64FDBE46000C /* Pods_HDWalletKit.framework in Frameworks */ = {isa = PBXBuildFile; fileRef = A71916E6C32DA0D7349D72D7 /* Pods_HDWalletKit.framework */; };
		CDED2B76271CD3DC001D8066 /* Sources in Resources */ = {isa = PBXBuildFile; fileRef = CDED2B75271CD3DC001D8066 /* Sources */; };
/* End PBXBuildFile section */

/* Begin PBXContainerItemProxy section */
		3492214D20F64E0300A59A6F /* PBXContainerItemProxy */ = {
			isa = PBXContainerItemProxy;
			containerPortal = 349220DD20F64C6600A59A6F /* Project object */;
			proxyType = 1;
			remoteGlobalIDString = 349220E420F64C6600A59A6F;
			remoteInfo = HDWalletKit;
		};
/* End PBXContainerItemProxy section */

/* Begin PBXCopyFilesBuildPhase section */
		349220E320F64C6600A59A6F /* CopyFiles */ = {
			isa = PBXCopyFilesBuildPhase;
			buildActionMask = 2147483647;
			dstPath = "include/$(PRODUCT_NAME)";
			dstSubfolderSpec = 16;
			files = (
			);
			runOnlyForDeploymentPostprocessing = 0;
		};
/* End PBXCopyFilesBuildPhase section */

/* Begin PBXFileReference section */
		323667F526DD94B410E30477 /* Pods-HDWalletKit.release.xcconfig */ = {isa = PBXFileReference; includeInIndex = 1; lastKnownFileType = text.xcconfig; name = "Pods-HDWalletKit.release.xcconfig"; path = "Target Support Files/Pods-HDWalletKit/Pods-HDWalletKit.release.xcconfig"; sourceTree = "<group>"; };
		345639CB226F42A500ED17DA /* CryptoSwift.framework */ = {isa = PBXFileReference; explicitFileType = wrapper.framework; path = CryptoSwift.framework; sourceTree = BUILT_PRODUCTS_DIR; };
		345639CD226F42BC00ED17DA /* CryptoSwift.framework */ = {isa = PBXFileReference; explicitFileType = wrapper.framework; path = CryptoSwift.framework; sourceTree = BUILT_PRODUCTS_DIR; };
		349220E520F64C6600A59A6F /* libHDWalletKit.a */ = {isa = PBXFileReference; explicitFileType = archive.ar; includeInIndex = 0; path = libHDWalletKit.a; sourceTree = BUILT_PRODUCTS_DIR; };
		3492214720F64E0300A59A6F /* HDWalletKit_Tests.xctest */ = {isa = PBXFileReference; explicitFileType = wrapper.cfbundle; includeInIndex = 0; path = HDWalletKit_Tests.xctest; sourceTree = BUILT_PRODUCTS_DIR; };
		6C30AB5DDB31B2AADDA5AEFC /* Pods-HDWalletKit.debug.xcconfig */ = {isa = PBXFileReference; includeInIndex = 1; lastKnownFileType = text.xcconfig; name = "Pods-HDWalletKit.debug.xcconfig"; path = "Target Support Files/Pods-HDWalletKit/Pods-HDWalletKit.debug.xcconfig"; sourceTree = "<group>"; };
		6F9CF1786FD900D725E89FE5 /* Pods_HDWalletKit_HDWalletKit_Tests.framework */ = {isa = PBXFileReference; explicitFileType = wrapper.framework; includeInIndex = 0; path = Pods_HDWalletKit_HDWalletKit_Tests.framework; sourceTree = BUILT_PRODUCTS_DIR; };
		92F09062902C6AB5F30CDAEA /* Pods-HDWalletKit-HDWalletKit_Tests.release.xcconfig */ = {isa = PBXFileReference; includeInIndex = 1; lastKnownFileType = text.xcconfig; name = "Pods-HDWalletKit-HDWalletKit_Tests.release.xcconfig"; path = "Target Support Files/Pods-HDWalletKit-HDWalletKit_Tests/Pods-HDWalletKit-HDWalletKit_Tests.release.xcconfig"; sourceTree = "<group>"; };
		A71916E6C32DA0D7349D72D7 /* Pods_HDWalletKit.framework */ = {isa = PBXFileReference; explicitFileType = wrapper.framework; includeInIndex = 0; path = Pods_HDWalletKit.framework; sourceTree = BUILT_PRODUCTS_DIR; };
		CDED2B75271CD3DC001D8066 /* Sources */ = {isa = PBXFileReference; lastKnownFileType = folder; path = Sources; sourceTree = "<group>"; };
		CDED2B79271CD3E7001D8066 /* HarmonyCryptoTests.swift */ = {isa = PBXFileReference; lastKnownFileType = sourcecode.swift; path = HarmonyCryptoTests.swift; sourceTree = "<group>"; };
		CDED2B7A271CD3E7001D8066 /* SignTransactionTests.swift */ = {isa = PBXFileReference; lastKnownFileType = sourcecode.swift; path = SignTransactionTests.swift; sourceTree = "<group>"; };
		CDED2B7B271CD3E7001D8066 /* DerivationPathTests.swift */ = {isa = PBXFileReference; lastKnownFileType = sourcecode.swift; path = DerivationPathTests.swift; sourceTree = "<group>"; };
		CDED2B7C271CD3E7001D8066 /* AddressGenerationTests.swift */ = {isa = PBXFileReference; lastKnownFileType = sourcecode.swift; path = AddressGenerationTests.swift; sourceTree = "<group>"; };
		CDED2B7D271CD3E7001D8066 /* CryptoTests.swift */ = {isa = PBXFileReference; lastKnownFileType = sourcecode.swift; path = CryptoTests.swift; sourceTree = "<group>"; };
		CDED2B7E271CD3E7001D8066 /* MnemonicTests.swift */ = {isa = PBXFileReference; lastKnownFileType = sourcecode.swift; path = MnemonicTests.swift; sourceTree = "<group>"; };
		CDED2B7F271CD3E7001D8066 /* RIPEMD160Tests.swift */ = {isa = PBXFileReference; lastKnownFileType = sourcecode.swift; path = RIPEMD160Tests.swift; sourceTree = "<group>"; };
		CDED2B80271CD3E7001D8066 /* PrivateKeyTests.swift */ = {isa = PBXFileReference; lastKnownFileType = sourcecode.swift; path = PrivateKeyTests.swift; sourceTree = "<group>"; };
		CDED2B81271CD3E7001D8066 /* HRC20Tests.swift */ = {isa = PBXFileReference; lastKnownFileType = sourcecode.swift; path = HRC20Tests.swift; sourceTree = "<group>"; };
		CDED2B82271CD3E7001D8066 /* HarmonyStakingTests.swift */ = {isa = PBXFileReference; lastKnownFileType = sourcecode.swift; path = HarmonyStakingTests.swift; sourceTree = "<group>"; };
		CDED2B84271CD3E7001D8066 /* UTXOSign.swift */ = {isa = PBXFileReference; lastKnownFileType = sourcecode.swift; path = UTXOSign.swift; sourceTree = "<group>"; };
		CDED2B85271CD3E7001D8066 /* ImportWalletTests.swift */ = {isa = PBXFileReference; lastKnownFileType = sourcecode.swift; path = ImportWalletTests.swift; sourceTree = "<group>"; };
		CDED2B86271CD3E7001D8066 /* ConverterTests.swift */ = {isa = PBXFileReference; lastKnownFileType = sourcecode.swift; path = ConverterTests.swift; sourceTree = "<group>"; };
		CDED2B87271CD3E7001D8066 /* KeystoreTests.swift */ = {isa = PBXFileReference; lastKnownFileType = sourcecode.swift; path = KeystoreTests.swift; sourceTree = "<group>"; };
		CDED2B88271CD3E7001D8066 /* ERC20Tests.swift */ = {isa = PBXFileReference; lastKnownFileType = sourcecode.swift; path = ERC20Tests.swift; sourceTree = "<group>"; };
		CDED2B89271CD3E7001D8066 /* Info.plist */ = {isa = PBXFileReference; lastKnownFileType = text.plist.xml; path = Info.plist; sourceTree = "<group>"; };
		CDED2B8A271CD3E7001D8066 /* Secp256k1Tests.swift */ = {isa = PBXFileReference; lastKnownFileType = sourcecode.swift; path = Secp256k1Tests.swift; sourceTree = "<group>"; };
		D4748DCAB4A042EBDF88023E /* Pods_HDWalletKit_Tests.framework */ = {isa = PBXFileReference; explicitFileType = wrapper.framework; includeInIndex = 0; path = Pods_HDWalletKit_Tests.framework; sourceTree = BUILT_PRODUCTS_DIR; };
		E633079EF2CABDB60613F1AE /* Pods-HDWalletKit-HDWalletKit_Tests.debug.xcconfig */ = {isa = PBXFileReference; includeInIndex = 1; lastKnownFileType = text.xcconfig; name = "Pods-HDWalletKit-HDWalletKit_Tests.debug.xcconfig"; path = "Target Support Files/Pods-HDWalletKit-HDWalletKit_Tests/Pods-HDWalletKit-HDWalletKit_Tests.debug.xcconfig"; sourceTree = "<group>"; };
/* End PBXFileReference section */

/* Begin PBXFrameworksBuildPhase section */
		349220E220F64C6600A59A6F /* Frameworks */ = {
			isa = PBXFrameworksBuildPhase;
			buildActionMask = 2147483647;
			files = (
				8602371595DB64FDBE46000C /* Pods_HDWalletKit.framework in Frameworks */,
			);
			runOnlyForDeploymentPostprocessing = 0;
		};
		3492214420F64E0300A59A6F /* Frameworks */ = {
			isa = PBXFrameworksBuildPhase;
			buildActionMask = 2147483647;
			files = (
				345639CC226F42A500ED17DA /* CryptoSwift.framework in Frameworks */,
				3492214C20F64E0300A59A6F /* libHDWalletKit.a in Frameworks */,
				07F7F4339B91DA419CD2F41A /* Pods_HDWalletKit_HDWalletKit_Tests.framework in Frameworks */,
			);
			runOnlyForDeploymentPostprocessing = 0;
		};
/* End PBXFrameworksBuildPhase section */

/* Begin PBXGroup section */
		349220DC20F64C6600A59A6F = {
			isa = PBXGroup;
			children = (
				CDED2B77271CD3E7001D8066 /* Tests */,
				CDED2B75271CD3DC001D8066 /* Sources */,
				349220E620F64C6600A59A6F /* Products */,
				4C50FFAFC17638B67FA3B603 /* Frameworks */,
				57E749DEC3679408525EE2D3 /* Pods */,
			);
			sourceTree = "<group>";
		};
		349220E620F64C6600A59A6F /* Products */ = {
			isa = PBXGroup;
			children = (
				349220E520F64C6600A59A6F /* libHDWalletKit.a */,
				3492214720F64E0300A59A6F /* HDWalletKit_Tests.xctest */,
			);
			name = Products;
			sourceTree = "<group>";
		};
		4C50FFAFC17638B67FA3B603 /* Frameworks */ = {
			isa = PBXGroup;
			children = (
				345639CD226F42BC00ED17DA /* CryptoSwift.framework */,
				345639CB226F42A500ED17DA /* CryptoSwift.framework */,
				A71916E6C32DA0D7349D72D7 /* Pods_HDWalletKit.framework */,
				D4748DCAB4A042EBDF88023E /* Pods_HDWalletKit_Tests.framework */,
				6F9CF1786FD900D725E89FE5 /* Pods_HDWalletKit_HDWalletKit_Tests.framework */,
			);
			name = Frameworks;
			sourceTree = "<group>";
		};
		57E749DEC3679408525EE2D3 /* Pods */ = {
			isa = PBXGroup;
			children = (
				6C30AB5DDB31B2AADDA5AEFC /* Pods-HDWalletKit.debug.xcconfig */,
				323667F526DD94B410E30477 /* Pods-HDWalletKit.release.xcconfig */,
				E633079EF2CABDB60613F1AE /* Pods-HDWalletKit-HDWalletKit_Tests.debug.xcconfig */,
				92F09062902C6AB5F30CDAEA /* Pods-HDWalletKit-HDWalletKit_Tests.release.xcconfig */,
			);
			path = Pods;
			sourceTree = "<group>";
		};
		CDED2B77271CD3E7001D8066 /* Tests */ = {
			isa = PBXGroup;
			children = (
				CDED2B78271CD3E7001D8066 /* HDWalletKitTests */,
			);
			path = Tests;
			sourceTree = "<group>";
		};
		CDED2B78271CD3E7001D8066 /* HDWalletKitTests */ = {
			isa = PBXGroup;
			children = (
				CDED2B79271CD3E7001D8066 /* HarmonyCryptoTests.swift */,
				CDED2B7A271CD3E7001D8066 /* SignTransactionTests.swift */,
				CDED2B7B271CD3E7001D8066 /* DerivationPathTests.swift */,
				CDED2B7C271CD3E7001D8066 /* AddressGenerationTests.swift */,
				CDED2B7D271CD3E7001D8066 /* CryptoTests.swift */,
				CDED2B7E271CD3E7001D8066 /* MnemonicTests.swift */,
				CDED2B7F271CD3E7001D8066 /* RIPEMD160Tests.swift */,
				CDED2B80271CD3E7001D8066 /* PrivateKeyTests.swift */,
				CDED2B81271CD3E7001D8066 /* HRC20Tests.swift */,
				CDED2B82271CD3E7001D8066 /* HarmonyStakingTests.swift */,
				CDED2B83271CD3E7001D8066 /* UTXO */,
				CDED2B85271CD3E7001D8066 /* ImportWalletTests.swift */,
				CDED2B86271CD3E7001D8066 /* ConverterTests.swift */,
				CDED2B87271CD3E7001D8066 /* KeystoreTests.swift */,
				CDED2B88271CD3E7001D8066 /* ERC20Tests.swift */,
				CDED2B89271CD3E7001D8066 /* Info.plist */,
				CDED2B8A271CD3E7001D8066 /* Secp256k1Tests.swift */,
			);
			path = HDWalletKitTests;
			sourceTree = "<group>";
		};
		CDED2B83271CD3E7001D8066 /* UTXO */ = {
			isa = PBXGroup;
			children = (
				CDED2B84271CD3E7001D8066 /* UTXOSign.swift */,
			);
			path = UTXO;
			sourceTree = "<group>";
		};
/* End PBXGroup section */

/* Begin PBXNativeTarget section */
		349220E420F64C6600A59A6F /* HDWalletKit */ = {
			isa = PBXNativeTarget;
			buildConfigurationList = 349220EC20F64C6600A59A6F /* Build configuration list for PBXNativeTarget "HDWalletKit" */;
			buildPhases = (
				4B8D9FC1EAB0A374CC6823B3 /* [CP] Check Pods Manifest.lock */,
				349220E120F64C6600A59A6F /* Sources */,
				349220E220F64C6600A59A6F /* Frameworks */,
				349220E320F64C6600A59A6F /* CopyFiles */,
			);
			buildRules = (
			);
			dependencies = (
			);
			name = HDWalletKit;
			productName = HDWalletKit;
			productReference = 349220E520F64C6600A59A6F /* libHDWalletKit.a */;
			productType = "com.apple.product-type.library.static";
		};
		3492214620F64E0300A59A6F /* HDWalletKit_Tests */ = {
			isa = PBXNativeTarget;
			buildConfigurationList = 3492215120F64E0300A59A6F /* Build configuration list for PBXNativeTarget "HDWalletKit_Tests" */;
			buildPhases = (
				A910BFEB3CDFE869EFBB423E /* [CP] Check Pods Manifest.lock */,
				3492214320F64E0300A59A6F /* Sources */,
				3492214420F64E0300A59A6F /* Frameworks */,
				3492214520F64E0300A59A6F /* Resources */,
				2D0545F275338FE57938BA97 /* [CP] Embed Pods Frameworks */,
			);
			buildRules = (
			);
			dependencies = (
				3492214E20F64E0300A59A6F /* PBXTargetDependency */,
			);
			name = HDWalletKit_Tests;
			productName = HDWalletKit_Tests;
			productReference = 3492214720F64E0300A59A6F /* HDWalletKit_Tests.xctest */;
			productType = "com.apple.product-type.bundle.unit-test";
		};
/* End PBXNativeTarget section */

/* Begin PBXProject section */
		349220DD20F64C6600A59A6F /* Project object */ = {
			isa = PBXProject;
			attributes = {
				LastSwiftUpdateCheck = 0940;
				LastUpgradeCheck = 1300;
				ORGANIZATIONNAME = Essentia;
				TargetAttributes = {
					349220E420F64C6600A59A6F = {
						CreatedOnToolsVersion = 9.4.1;
						LastSwiftMigration = 1020;
					};
					3492214620F64E0300A59A6F = {
						CreatedOnToolsVersion = 9.4.1;
						LastSwiftMigration = 1020;
					};
				};
			};
			buildConfigurationList = 349220E020F64C6600A59A6F /* Build configuration list for PBXProject "HDWalletKit" */;
			compatibilityVersion = "Xcode 9.3";
			developmentRegion = en;
			hasScannedForEncodings = 0;
			knownRegions = (
				en,
				Base,
			);
			mainGroup = 349220DC20F64C6600A59A6F;
			productRefGroup = 349220E620F64C6600A59A6F /* Products */;
			projectDirPath = "";
			projectRoot = "";
			targets = (
				349220E420F64C6600A59A6F /* HDWalletKit */,
				3492214620F64E0300A59A6F /* HDWalletKit_Tests */,
			);
		};
/* End PBXProject section */

/* Begin PBXResourcesBuildPhase section */
		3492214520F64E0300A59A6F /* Resources */ = {
			isa = PBXResourcesBuildPhase;
			buildActionMask = 2147483647;
			files = (
				CDED2B76271CD3DC001D8066 /* Sources in Resources */,
			);
			runOnlyForDeploymentPostprocessing = 0;
		};
/* End PBXResourcesBuildPhase section */

/* Begin PBXShellScriptBuildPhase section */
		2D0545F275338FE57938BA97 /* [CP] Embed Pods Frameworks */ = {
			isa = PBXShellScriptBuildPhase;
			buildActionMask = 2147483647;
			files = (
			);
			inputFileListPaths = (
				"${PODS_ROOT}/Target Support Files/Pods-HDWalletKit-HDWalletKit_Tests/Pods-HDWalletKit-HDWalletKit_Tests-frameworks-${CONFIGURATION}-input-files.xcfilelist",
			);
			name = "[CP] Embed Pods Frameworks";
			outputFileListPaths = (
				"${PODS_ROOT}/Target Support Files/Pods-HDWalletKit-HDWalletKit_Tests/Pods-HDWalletKit-HDWalletKit_Tests-frameworks-${CONFIGURATION}-output-files.xcfilelist",
			);
			runOnlyForDeploymentPostprocessing = 0;
			shellPath = /bin/sh;
			shellScript = "\"${PODS_ROOT}/Target Support Files/Pods-HDWalletKit-HDWalletKit_Tests/Pods-HDWalletKit-HDWalletKit_Tests-frameworks.sh\"\n";
			showEnvVarsInLog = 0;
		};
		4B8D9FC1EAB0A374CC6823B3 /* [CP] Check Pods Manifest.lock */ = {
			isa = PBXShellScriptBuildPhase;
			buildActionMask = 2147483647;
			files = (
			);
			inputPaths = (
				"${PODS_PODFILE_DIR_PATH}/Podfile.lock",
				"${PODS_ROOT}/Manifest.lock",
			);
			name = "[CP] Check Pods Manifest.lock";
			outputPaths = (
				"$(DERIVED_FILE_DIR)/Pods-HDWalletKit-checkManifestLockResult.txt",
			);
			runOnlyForDeploymentPostprocessing = 0;
			shellPath = /bin/sh;
			shellScript = "diff \"${PODS_PODFILE_DIR_PATH}/Podfile.lock\" \"${PODS_ROOT}/Manifest.lock\" > /dev/null\nif [ $? != 0 ] ; then\n    # print error to STDERR\n    echo \"error: The sandbox is not in sync with the Podfile.lock. Run 'pod install' or update your CocoaPods installation.\" >&2\n    exit 1\nfi\n# This output is used by Xcode 'outputs' to avoid re-running this script phase.\necho \"SUCCESS\" > \"${SCRIPT_OUTPUT_FILE_0}\"\n";
			showEnvVarsInLog = 0;
		};
		A910BFEB3CDFE869EFBB423E /* [CP] Check Pods Manifest.lock */ = {
			isa = PBXShellScriptBuildPhase;
			buildActionMask = 2147483647;
			files = (
			);
			inputFileListPaths = (
			);
			inputPaths = (
				"${PODS_PODFILE_DIR_PATH}/Podfile.lock",
				"${PODS_ROOT}/Manifest.lock",
			);
			name = "[CP] Check Pods Manifest.lock";
			outputFileListPaths = (
			);
			outputPaths = (
				"$(DERIVED_FILE_DIR)/Pods-HDWalletKit-HDWalletKit_Tests-checkManifestLockResult.txt",
			);
			runOnlyForDeploymentPostprocessing = 0;
			shellPath = /bin/sh;
			shellScript = "diff \"${PODS_PODFILE_DIR_PATH}/Podfile.lock\" \"${PODS_ROOT}/Manifest.lock\" > /dev/null\nif [ $? != 0 ] ; then\n    # print error to STDERR\n    echo \"error: The sandbox is not in sync with the Podfile.lock. Run 'pod install' or update your CocoaPods installation.\" >&2\n    exit 1\nfi\n# This output is used by Xcode 'outputs' to avoid re-running this script phase.\necho \"SUCCESS\" > \"${SCRIPT_OUTPUT_FILE_0}\"\n";
			showEnvVarsInLog = 0;
		};
/* End PBXShellScriptBuildPhase section */

/* Begin PBXSourcesBuildPhase section */
		349220E120F64C6600A59A6F /* Sources */ = {
			isa = PBXSourcesBuildPhase;
			buildActionMask = 2147483647;
			files = (
			);
			runOnlyForDeploymentPostprocessing = 0;
		};
		3492214320F64E0300A59A6F /* Sources */ = {
			isa = PBXSourcesBuildPhase;
			buildActionMask = 2147483647;
			files = (
			);
			runOnlyForDeploymentPostprocessing = 0;
		};
/* End PBXSourcesBuildPhase section */

/* Begin PBXTargetDependency section */
		3492214E20F64E0300A59A6F /* PBXTargetDependency */ = {
			isa = PBXTargetDependency;
			target = 349220E420F64C6600A59A6F /* HDWalletKit */;
			targetProxy = 3492214D20F64E0300A59A6F /* PBXContainerItemProxy */;
		};
/* End PBXTargetDependency section */

/* Begin XCBuildConfiguration section */
		349220EA20F64C6600A59A6F /* Debug */ = {
			isa = XCBuildConfiguration;
			buildSettings = {
				ALWAYS_SEARCH_USER_PATHS = NO;
				CLANG_ANALYZER_NONNULL = YES;
				CLANG_ANALYZER_NUMBER_OBJECT_CONVERSION = YES_AGGRESSIVE;
				CLANG_CXX_LANGUAGE_STANDARD = "gnu++14";
				CLANG_CXX_LIBRARY = "libc++";
				CLANG_ENABLE_MODULES = YES;
				CLANG_ENABLE_OBJC_ARC = YES;
				CLANG_ENABLE_OBJC_WEAK = YES;
				CLANG_WARN_BLOCK_CAPTURE_AUTORELEASING = YES;
				CLANG_WARN_BOOL_CONVERSION = YES;
				CLANG_WARN_COMMA = YES;
				CLANG_WARN_CONSTANT_CONVERSION = YES;
				CLANG_WARN_DEPRECATED_OBJC_IMPLEMENTATIONS = YES;
				CLANG_WARN_DIRECT_OBJC_ISA_USAGE = YES_ERROR;
				CLANG_WARN_DOCUMENTATION_COMMENTS = YES;
				CLANG_WARN_EMPTY_BODY = YES;
				CLANG_WARN_ENUM_CONVERSION = YES;
				CLANG_WARN_INFINITE_RECURSION = YES;
				CLANG_WARN_INT_CONVERSION = YES;
				CLANG_WARN_NON_LITERAL_NULL_CONVERSION = YES;
				CLANG_WARN_OBJC_IMPLICIT_RETAIN_SELF = YES;
				CLANG_WARN_OBJC_LITERAL_CONVERSION = YES;
				CLANG_WARN_OBJC_ROOT_CLASS = YES_ERROR;
				CLANG_WARN_QUOTED_INCLUDE_IN_FRAMEWORK_HEADER = YES;
				CLANG_WARN_RANGE_LOOP_ANALYSIS = YES;
				CLANG_WARN_STRICT_PROTOTYPES = YES;
				CLANG_WARN_SUSPICIOUS_MOVE = YES;
				CLANG_WARN_UNGUARDED_AVAILABILITY = YES_AGGRESSIVE;
				CLANG_WARN_UNREACHABLE_CODE = YES;
				CLANG_WARN__DUPLICATE_METHOD_MATCH = YES;
				CODE_SIGN_IDENTITY = "iPhone Developer";
				COPY_PHASE_STRIP = NO;
				DEBUG_INFORMATION_FORMAT = dwarf;
				ENABLE_STRICT_OBJC_MSGSEND = YES;
				ENABLE_TESTABILITY = YES;
				GCC_C_LANGUAGE_STANDARD = gnu11;
				GCC_DYNAMIC_NO_PIC = NO;
				GCC_NO_COMMON_BLOCKS = YES;
				GCC_OPTIMIZATION_LEVEL = 0;
				GCC_PREPROCESSOR_DEFINITIONS = (
					"DEBUG=1",
					"$(inherited)",
				);
				GCC_WARN_64_TO_32_BIT_CONVERSION = YES;
				GCC_WARN_ABOUT_RETURN_TYPE = YES_ERROR;
				GCC_WARN_UNDECLARED_SELECTOR = YES;
				GCC_WARN_UNINITIALIZED_AUTOS = YES_AGGRESSIVE;
				GCC_WARN_UNUSED_FUNCTION = YES;
				GCC_WARN_UNUSED_VARIABLE = YES;
				IPHONEOS_DEPLOYMENT_TARGET = 11.3;
				MTL_ENABLE_DEBUG_INFO = YES;
				ONLY_ACTIVE_ARCH = YES;
				SDKROOT = iphoneos;
				SWIFT_ACTIVE_COMPILATION_CONDITIONS = DEBUG;
				SWIFT_OPTIMIZATION_LEVEL = "-Onone";
				SWIFT_VERSION = 4.2;
			};
			name = Debug;
		};
		349220EB20F64C6600A59A6F /* Release */ = {
			isa = XCBuildConfiguration;
			buildSettings = {
				ALWAYS_SEARCH_USER_PATHS = NO;
				CLANG_ANALYZER_NONNULL = YES;
				CLANG_ANALYZER_NUMBER_OBJECT_CONVERSION = YES_AGGRESSIVE;
				CLANG_CXX_LANGUAGE_STANDARD = "gnu++14";
				CLANG_CXX_LIBRARY = "libc++";
				CLANG_ENABLE_MODULES = YES;
				CLANG_ENABLE_OBJC_ARC = YES;
				CLANG_ENABLE_OBJC_WEAK = YES;
				CLANG_WARN_BLOCK_CAPTURE_AUTORELEASING = YES;
				CLANG_WARN_BOOL_CONVERSION = YES;
				CLANG_WARN_COMMA = YES;
				CLANG_WARN_CONSTANT_CONVERSION = YES;
				CLANG_WARN_DEPRECATED_OBJC_IMPLEMENTATIONS = YES;
				CLANG_WARN_DIRECT_OBJC_ISA_USAGE = YES_ERROR;
				CLANG_WARN_DOCUMENTATION_COMMENTS = YES;
				CLANG_WARN_EMPTY_BODY = YES;
				CLANG_WARN_ENUM_CONVERSION = YES;
				CLANG_WARN_INFINITE_RECURSION = YES;
				CLANG_WARN_INT_CONVERSION = YES;
				CLANG_WARN_NON_LITERAL_NULL_CONVERSION = YES;
				CLANG_WARN_OBJC_IMPLICIT_RETAIN_SELF = YES;
				CLANG_WARN_OBJC_LITERAL_CONVERSION = YES;
				CLANG_WARN_OBJC_ROOT_CLASS = YES_ERROR;
				CLANG_WARN_QUOTED_INCLUDE_IN_FRAMEWORK_HEADER = YES;
				CLANG_WARN_RANGE_LOOP_ANALYSIS = YES;
				CLANG_WARN_STRICT_PROTOTYPES = YES;
				CLANG_WARN_SUSPICIOUS_MOVE = YES;
				CLANG_WARN_UNGUARDED_AVAILABILITY = YES_AGGRESSIVE;
				CLANG_WARN_UNREACHABLE_CODE = YES;
				CLANG_WARN__DUPLICATE_METHOD_MATCH = YES;
				CODE_SIGN_IDENTITY = "iPhone Developer";
				COPY_PHASE_STRIP = NO;
				DEBUG_INFORMATION_FORMAT = "dwarf-with-dsym";
				ENABLE_NS_ASSERTIONS = NO;
				ENABLE_STRICT_OBJC_MSGSEND = YES;
				GCC_C_LANGUAGE_STANDARD = gnu11;
				GCC_NO_COMMON_BLOCKS = YES;
				GCC_WARN_64_TO_32_BIT_CONVERSION = YES;
				GCC_WARN_ABOUT_RETURN_TYPE = YES_ERROR;
				GCC_WARN_UNDECLARED_SELECTOR = YES;
				GCC_WARN_UNINITIALIZED_AUTOS = YES_AGGRESSIVE;
				GCC_WARN_UNUSED_FUNCTION = YES;
				GCC_WARN_UNUSED_VARIABLE = YES;
				IPHONEOS_DEPLOYMENT_TARGET = 11.3;
				MTL_ENABLE_DEBUG_INFO = NO;
				SDKROOT = iphoneos;
				SWIFT_COMPILATION_MODE = wholemodule;
				SWIFT_OPTIMIZATION_LEVEL = "-O";
				SWIFT_VERSION = 4.2;
				VALIDATE_PRODUCT = YES;
			};
			name = Release;
		};
		349220ED20F64C6600A59A6F /* Debug */ = {
			isa = XCBuildConfiguration;
			baseConfigurationReference = 6C30AB5DDB31B2AADDA5AEFC /* Pods-HDWalletKit.debug.xcconfig */;
			buildSettings = {
				CODE_SIGN_STYLE = Automatic;
				DEVELOPMENT_TEAM = X24R65DM8E;
				LD_RUNPATH_SEARCH_PATHS = (
					"$(inherited)",
					"'@executable_path/Frameworks'",
					"'@loader_path/Frameworks'",
					"'@executable_path/../../Frameworks'",
					"@loader_path",
				);
				OTHER_LDFLAGS = (
					"$(inherited)",
					"-ObjC",
				);
				PRODUCT_NAME = "$(TARGET_NAME)";
				SKIP_INSTALL = YES;
				SWIFT_VERSION = 5.0;
				TARGETED_DEVICE_FAMILY = "1,2";
			};
			name = Debug;
		};
		349220EE20F64C6600A59A6F /* Release */ = {
			isa = XCBuildConfiguration;
			baseConfigurationReference = 323667F526DD94B410E30477 /* Pods-HDWalletKit.release.xcconfig */;
			buildSettings = {
				CODE_SIGN_STYLE = Automatic;
				DEVELOPMENT_TEAM = X24R65DM8E;
				LD_RUNPATH_SEARCH_PATHS = (
					"$(inherited)",
					"'@executable_path/Frameworks'",
					"'@loader_path/Frameworks'",
					"'@executable_path/../../Frameworks'",
					"@loader_path",
				);
				OTHER_LDFLAGS = (
					"$(inherited)",
					"-ObjC",
				);
				PRODUCT_NAME = "$(TARGET_NAME)";
				SKIP_INSTALL = YES;
				SWIFT_VERSION = 5.0;
				TARGETED_DEVICE_FAMILY = "1,2";
			};
			name = Release;
		};
		3492214F20F64E0300A59A6F /* Debug */ = {
			isa = XCBuildConfiguration;
			baseConfigurationReference = E633079EF2CABDB60613F1AE /* Pods-HDWalletKit-HDWalletKit_Tests.debug.xcconfig */;
			buildSettings = {
				CODE_SIGN_STYLE = Automatic;
				DEVELOPMENT_TEAM = P8JA7643K4;
				INFOPLIST_FILE = HDWalletKit_Tests/Info.plist;
				LD_RUNPATH_SEARCH_PATHS = (
					"$(inherited)",
					"@executable_path/Frameworks",
					"@loader_path/Frameworks",
				);
				PRODUCT_BUNDLE_IDENTIFIER = "Essentia.HDWalletKit-Tests";
				PRODUCT_NAME = "$(TARGET_NAME)";
				SWIFT_VERSION = 5.0;
				TARGETED_DEVICE_FAMILY = "1,2";
			};
			name = Debug;
		};
		3492215020F64E0300A59A6F /* Release */ = {
			isa = XCBuildConfiguration;
			baseConfigurationReference = 92F09062902C6AB5F30CDAEA /* Pods-HDWalletKit-HDWalletKit_Tests.release.xcconfig */;
			buildSettings = {
				CODE_SIGN_STYLE = Automatic;
				DEVELOPMENT_TEAM = P8JA7643K4;
				INFOPLIST_FILE = HDWalletKit_Tests/Info.plist;
				LD_RUNPATH_SEARCH_PATHS = (
					"$(inherited)",
					"@executable_path/Frameworks",
					"@loader_path/Frameworks",
				);
				PRODUCT_BUNDLE_IDENTIFIER = "Essentia.HDWalletKit-Tests";
				PRODUCT_NAME = "$(TARGET_NAME)";
				SWIFT_VERSION = 5.0;
				TARGETED_DEVICE_FAMILY = "1,2";
			};
			name = Release;
		};
/* End XCBuildConfiguration section */

/* Begin XCConfigurationList section */
		349220E020F64C6600A59A6F /* Build configuration list for PBXProject "HDWalletKit" */ = {
			isa = XCConfigurationList;
			buildConfigurations = (
				349220EA20F64C6600A59A6F /* Debug */,
				349220EB20F64C6600A59A6F /* Release */,
			);
			defaultConfigurationIsVisible = 0;
			defaultConfigurationName = Release;
		};
		349220EC20F64C6600A59A6F /* Build configuration list for PBXNativeTarget "HDWalletKit" */ = {
			isa = XCConfigurationList;
			buildConfigurations = (
				349220ED20F64C6600A59A6F /* Debug */,
				349220EE20F64C6600A59A6F /* Release */,
			);
			defaultConfigurationIsVisible = 0;
			defaultConfigurationName = Release;
		};
		3492215120F64E0300A59A6F /* Build configuration list for PBXNativeTarget "HDWalletKit_Tests" */ = {
			isa = XCConfigurationList;
			buildConfigurations = (
				3492214F20F64E0300A59A6F /* Debug */,
				3492215020F64E0300A59A6F /* Release */,
			);
			defaultConfigurationIsVisible = 0;
			defaultConfigurationName = Release;
		};
/* End XCConfigurationList section */
	};
	rootObject = 349220DD20F64C6600A59A6F /* Project object */;
}
